<?xml version="1.0" encoding="utf-8"?>
<Project ToolsVersion="4.0" xmlns="http://schemas.microsoft.com/developer/msbuild/2003">
  <ItemGroup>
    <Filter Include="Source Files">
      <UniqueIdentifier>{4FC737F1-C7A5-4376-A066-2A32D752A2FF}</UniqueIdentifier>
      <Extensions>cpp;c;cc;cxx;def;odl;idl;hpj;bat;asm;asmx</Extensions>
    </Filter>
    <Filter Include="Resource Files">
      <UniqueIdentifier>{67DA6AB6-F800-4c08-8B7A-83BB121AAD01}</UniqueIdentifier>
      <Extensions>rc;ico;cur;bmp;dlg;rc2;rct;bin;rgs;gif;jpg;jpeg;jpe;resx;tiff;tif;png;wav;mfcribbon-ms</Extensions>
    </Filter>
    <Filter Include="Source Files\caffe">
      <UniqueIdentifier>{0f69900b-f0ff-4272-8ee1-820cd64fee02}</UniqueIdentifier>
    </Filter>
    <Filter Include="Source Files\caffe\layers">
      <UniqueIdentifier>{ccf6b468-59f6-4ef8-8d0f-25a7d890ed84}</UniqueIdentifier>
    </Filter>
    <Filter Include="Source Files\caffe\util">
      <UniqueIdentifier>{4060d711-ec7e-4873-b786-eea65d385942}</UniqueIdentifier>
    </Filter>
    <Filter Include="Source Files\caffe\proto">
      <UniqueIdentifier>{4ffd8576-2527-4c60-9668-ae4c54623d30}</UniqueIdentifier>
    </Filter>
    <Filter Include="Source Files\util">
      <UniqueIdentifier>{43e3773c-e06b-4d69-bbb5-d09b89f7e17d}</UniqueIdentifier>
    </Filter>
    <Filter Include="Source Files\scenarios">
      <UniqueIdentifier>{ada44ed9-8cfc-423c-b06d-9d0f755e5330}</UniqueIdentifier>
    </Filter>
    <Filter Include="Source Files\stuff">
      <UniqueIdentifier>{d23a5663-7ac7-43f7-ae75-4aaea60390f0}</UniqueIdentifier>
    </Filter>
    <Filter Include="Source Files\caffe\solvers">
      <UniqueIdentifier>{e7bd78c6-7b26-4d5f-8ce1-63f34d093941}</UniqueIdentifier>
    </Filter>
  </ItemGroup>
  <ItemGroup>
    <ClCompile Include="Main.cpp">
      <Filter>Source Files</Filter>
    </ClCompile>
    <ClCompile Include="..\TerrainRL\util\Rand.cpp">
      <Filter>Source Files\util</Filter>
    </ClCompile>
    <ClCompile Include="..\TerrainRL\util\MathUtil.cpp">
      <Filter>Source Files\util</Filter>
    </ClCompile>
    <ClCompile Include="..\TerrainRL\util\FileUtil.cpp">
      <Filter>Source Files\util</Filter>
    </ClCompile>
    <ClCompile Include="..\TerrainRL\util\ArgParser.cpp">
      <Filter>Source Files\util</Filter>
    </ClCompile>
    <ClCompile Include="..\TerrainRL\render\Camera.cpp">
      <Filter>Source Files\util</Filter>
    </ClCompile>
    <ClCompile Include="..\TerrainRL\render\DrawUtil.cpp">
      <Filter>Source Files\util</Filter>
    </ClCompile>
    <ClCompile Include="..\TerrainRL\scenarios\Scenario.cpp">
      <Filter>Source Files\scenarios</Filter>
    </ClCompile>
    <ClCompile Include="..\TerrainRL\scenarios\DrawScenario.cpp">
      <Filter>Source Files\scenarios</Filter>
    </ClCompile>
    <ClCompile Include="scenarios\ScenarioReg1D.cpp">
      <Filter>Source Files\scenarios</Filter>
    </ClCompile>
    <ClCompile Include="scenarios\DrawScenarioReg1D.cpp">
      <Filter>Source Files\scenarios</Filter>
    </ClCompile>
    <ClCompile Include="scenarios\ScenarioBallRL.cpp">
      <Filter>Source Files\scenarios</Filter>
    </ClCompile>
    <ClCompile Include="scenarios\DrawScenarioBallRL.cpp">
      <Filter>Source Files\scenarios</Filter>
    </ClCompile>
    <ClCompile Include="stuff\PenaltyGround.cpp">
      <Filter>Source Files\stuff</Filter>
    </ClCompile>
    <ClCompile Include="stuff\Ball.cpp">
      <Filter>Source Files\stuff</Filter>
    </ClCompile>
    <ClCompile Include="stuff\BallController.cpp">
      <Filter>Source Files\stuff</Filter>
    </ClCompile>
    <ClCompile Include="..\TerrainRL\learning\ExpTuple.cpp">
      <Filter>Source Files\util</Filter>
    </ClCompile>
    <ClCompile Include="..\TerrainRL\learning\QNetTrainer.cpp">
      <Filter>Source Files\util</Filter>
    </ClCompile>
    <ClCompile Include="..\TerrainRL\learning\NeuralNet.cpp">
      <Filter>Source Files\util</Filter>
    </ClCompile>
    <ClCompile Include="..\TerrainRL\util\JsonUtil.cpp">
      <Filter>Source Files\util</Filter>
    </ClCompile>
    <ClCompile Include="scenarios\ScenarioArmRL.cpp">
      <Filter>Source Files\scenarios</Filter>
    </ClCompile>
    <ClCompile Include="scenarios\DrawScenarioArmRL.cpp">
      <Filter>Source Files\scenarios</Filter>
    </ClCompile>
    <ClCompile Include="..\TerrainRL\scenarios\ScenarioSimChar.cpp">
      <Filter>Source Files\scenarios</Filter>
    </ClCompile>
    <ClCompile Include="stuff\SimArm.cpp">
      <Filter>Source Files\stuff</Filter>
    </ClCompile>
    <ClCompile Include="..\TerrainRL\anim\Character.cpp">
      <Filter>Source Files\util</Filter>
    </ClCompile>
    <ClCompile Include="..\TerrainRL\sim\CharController.cpp">
      <Filter>Source Files\util</Filter>
    </ClCompile>
    <ClCompile Include="..\TerrainRL\sim\ContactManager.cpp">
      <Filter>Source Files\util</Filter>
    </ClCompile>
    <ClCompile Include="..\TerrainRL\sim\Controller.cpp">
      <Filter>Source Files\util</Filter>
    </ClCompile>
    <ClCompile Include="..\TerrainRL\sim\DogController.cpp">
      <Filter>Source Files\util</Filter>
    </ClCompile>
    <ClCompile Include="stuff\DrawBall.cpp">
      <Filter>Source Files\util</Filter>
    </ClCompile>
    <ClCompile Include="..\TerrainRL\render\DrawObj.cpp">
      <Filter>Source Files\util</Filter>
    </ClCompile>
    <ClCompile Include="stuff\DrawPenaltyGround.cpp">
      <Filter>Source Files\util</Filter>
    </ClCompile>
    <ClCompile Include="..\TerrainRL\render\DrawPerturb.cpp">
      <Filter>Source Files\util</Filter>
    </ClCompile>
    <ClCompile Include="..\TerrainRL\render\DrawSimCharacter.cpp">
      <Filter>Source Files\util</Filter>
    </ClCompile>
    <ClCompile Include="..\TerrainRL\sim\Ground.cpp">
      <Filter>Source Files\util</Filter>
    </ClCompile>
    <ClCompile Include="..\TerrainRL\sim\GroundVar2D.cpp">
      <Filter>Source Files\util</Filter>
    </ClCompile>
    <ClCompile Include="..\TerrainRL\sim\ImpPDController.cpp">
      <Filter>Source Files\util</Filter>
    </ClCompile>
    <ClCompile Include="..\TerrainRL\sim\Joint.cpp">
      <Filter>Source Files\util</Filter>
    </ClCompile>
    <ClCompile Include="..\TerrainRL\anim\KinTree.cpp">
      <Filter>Source Files\util</Filter>
    </ClCompile>
    <ClCompile Include="..\TerrainRL\sim\NNController.cpp">
      <Filter>Source Files\util</Filter>
    </ClCompile>
    <ClCompile Include="..\TerrainRL\sim\PDController.cpp">
      <Filter>Source Files\util</Filter>
    </ClCompile>
    <ClCompile Include="..\TerrainRL\sim\Perturb.cpp">
      <Filter>Source Files\util</Filter>
    </ClCompile>
    <ClCompile Include="..\TerrainRL\sim\PerturbManager.cpp">
      <Filter>Source Files\util</Filter>
    </ClCompile>
    <ClCompile Include="..\TerrainRL\optimizer\opt\QL.c">
      <Filter>Source Files\util</Filter>
    </ClCompile>
    <ClCompile Include="..\TerrainRL\optimizer\opt\QuadProg.cpp">
      <Filter>Source Files\util</Filter>
    </ClCompile>
    <ClCompile Include="..\TerrainRL\sim\RBDModel.cpp">
      <Filter>Source Files\util</Filter>
    </ClCompile>
    <ClCompile Include="..\TerrainRL\sim\RBDUtil.cpp">
      <Filter>Source Files\util</Filter>
    </ClCompile>
    <ClCompile Include="..\TerrainRL\sim\SimBox.cpp">
      <Filter>Source Files\util</Filter>
    </ClCompile>
    <ClCompile Include="..\TerrainRL\sim\SimCapsule.cpp">
      <Filter>Source Files\util</Filter>
    </ClCompile>
    <ClCompile Include="..\TerrainRL\sim\SimCharacter.cpp">
      <Filter>Source Files\util</Filter>
    </ClCompile>
    <ClCompile Include="..\TerrainRL\sim\SimCharSoftFall.cpp">
      <Filter>Source Files\util</Filter>
    </ClCompile>
    <ClCompile Include="..\TerrainRL\sim\SimDog.cpp">
      <Filter>Source Files\util</Filter>
    </ClCompile>
    <ClCompile Include="..\TerrainRL\sim\SimObj.cpp">
      <Filter>Source Files\util</Filter>
    </ClCompile>
    <ClCompile Include="..\TerrainRL\sim\SpAlg.cpp">
      <Filter>Source Files\util</Filter>
    </ClCompile>
    <ClCompile Include="..\TerrainRL\sim\TerrainGen2D.cpp">
      <Filter>Source Files\util</Filter>
    </ClCompile>
    <ClCompile Include="..\TerrainRL\sim\World.cpp">
      <Filter>Source Files\util</Filter>
    </ClCompile>
    <ClCompile Include="stuff\ArmQPController.cpp">
      <Filter>Source Files\stuff</Filter>
    </ClCompile>
    <ClCompile Include="..\TerrainRL\scenarios\DrawScenarioSimInteractive.cpp">
      <Filter>Source Files\scenarios</Filter>
    </ClCompile>
    <ClCompile Include="..\TerrainRL\render\TextureUtil.cpp">
      <Filter>Source Files\util</Filter>
    </ClCompile>
    <ClCompile Include="..\TerrainRL\render\TextureDesc.cpp">
      <Filter>Source Files\util</Filter>
    </ClCompile>
    <ClCompile Include="stuff\ArmController.cpp">
      <Filter>Source Files\stuff</Filter>
    </ClCompile>
    <ClCompile Include="stuff\ArmNNController.cpp">
      <Filter>Source Files\stuff</Filter>
    </ClCompile>
    <ClCompile Include="..\TerrainRL\learning\NeuralNetTrainer.cpp">
      <Filter>Source Files\util</Filter>
    </ClCompile>
    <ClCompile Include="stuff\ArmPDQPController.cpp">
      <Filter>Source Files\stuff</Filter>
    </ClCompile>
    <ClCompile Include="stuff\ArmPDNNController.cpp">
      <Filter>Source Files\stuff</Filter>
    </ClCompile>
    <ClCompile Include="stuff\ArmNNPixelController.cpp">
      <Filter>Source Files\stuff</Filter>
    </ClCompile>
    <ClCompile Include="scenarios\ScenarioArmRLPretrain.cpp">
      <Filter>Source Files\scenarios</Filter>
    </ClCompile>
    <ClCompile Include="scenarios\DrawScenarioArmRLPretrain.cpp">
      <Filter>Source Files\scenarios</Filter>
    </ClCompile>
    <ClCompile Include="..\TerrainRL\sim\CharTracer.cpp">
      <Filter>Source Files\util</Filter>
    </ClCompile>
    <ClCompile Include="..\TerrainRL\render\DrawWorld.cpp">
      <Filter>Source Files\util</Filter>
    </ClCompile>
    <ClCompile Include="scenarios\ScenarioArm.cpp">
      <Filter>Source Files\scenarios</Filter>
    </ClCompile>
    <ClCompile Include="scenarios\DrawScenarioArm.cpp">
      <Filter>Source Files\scenarios</Filter>
    </ClCompile>
    <ClCompile Include="scenarios\DrawScenarioArmEval.cpp">
      <Filter>Source Files\scenarios</Filter>
    </ClCompile>
    <ClCompile Include="scenarios\ScenarioArmEval.cpp">
      <Filter>Source Files\scenarios</Filter>
    </ClCompile>
    <ClCompile Include="stuff\ArmVelQPController.cpp">
      <Filter>Source Files\stuff</Filter>
    </ClCompile>
    <ClCompile Include="stuff\ArmVelNNController.cpp">
      <Filter>Source Files\stuff</Filter>
    </ClCompile>
    <ClCompile Include="stuff\ArmPDNNPixelController.cpp">
      <Filter>Source Files\stuff</Filter>
    </ClCompile>
    <ClCompile Include="stuff\ArmVelNNPixelController.cpp">
      <Filter>Source Files\stuff</Filter>
    </ClCompile>
    <ClCompile Include="scenarios\ScenarioBallRLCacla.cpp">
      <Filter>Source Files\scenarios</Filter>
    </ClCompile>
    <ClCompile Include="scenarios\DrawScenarioBallRLCacla.cpp">
      <Filter>Source Files\scenarios</Filter>
    </ClCompile>
    <ClCompile Include="stuff\ArmNNPixelNoPoseController.cpp">
      <Filter>Source Files\stuff</Filter>
    </ClCompile>
    <ClCompile Include="scenarios\ScenarioBallEval.cpp">
      <Filter>Source Files\scenarios</Filter>
    </ClCompile>
    <ClCompile Include="scenarios\DrawScenarioBallEval.cpp">
      <Filter>Source Files\scenarios</Filter>
    </ClCompile>
    <ClCompile Include="..\TerrainRL\sim\SimMonopedHopper.cpp">
      <Filter>Source Files\util</Filter>
    </ClCompile>
    <ClCompile Include="..\TerrainRL\learning\MACETrainer.cpp">
      <Filter>Source Files\util</Filter>
    </ClCompile>
    <ClCompile Include="..\TerrainRL\sim\DogControllerMACE.cpp">
      <Filter>Source Files\util</Filter>
    </ClCompile>
    <ClCompile Include="..\TerrainRL\sim\DogControllerQ.cpp">
      <Filter>Source Files\util</Filter>
    </ClCompile>
    <ClCompile Include="..\TerrainRL\sim\DogControllerCacla.cpp">
      <Filter>Source Files\util</Filter>
    </ClCompile>
    <ClCompile Include="..\TerrainRL\sim\BaseControllerQ.cpp">
      <Filter>Source Files\util</Filter>
    </ClCompile>
    <ClCompile Include="..\TerrainRL\sim\BaseControllerCacla.cpp">
      <Filter>Source Files\util</Filter>
    </ClCompile>
    <ClCompile Include="..\TerrainRL\sim\BaseControllerMACE.cpp">
      <Filter>Source Files\util</Filter>
    </ClCompile>
    <ClCompile Include="..\TerrainRL\render\GraphUtil.cpp">
      <Filter>Source Files\util</Filter>
    </ClCompile>
    <ClCompile Include="..\TerrainRL\sim\GoatControllerMACE.cpp">
      <Filter>Source Files\util</Filter>
    </ClCompile>
    <ClCompile Include="..\TerrainRL\sim\MonopedHopperController.cpp">
      <Filter>Source Files\util</Filter>
    </ClCompile>
    <ClCompile Include="..\TerrainRL\sim\MonopedHopperControllerCacla.cpp">
      <Filter>Source Files\util</Filter>
    </ClCompile>
    <ClCompile Include="..\TerrainRL\sim\MonopedHopperControllerMACE.cpp">
      <Filter>Source Files\util</Filter>
    </ClCompile>
    <ClCompile Include="..\TerrainRL\sim\MonopedHopperControllerQ.cpp">
      <Filter>Source Files\util</Filter>
    </ClCompile>
    <ClCompile Include="..\TerrainRL\sim\RaptorController.cpp">
      <Filter>Source Files\util</Filter>
    </ClCompile>
    <ClCompile Include="..\TerrainRL\sim\RaptorControllerCacla.cpp">
      <Filter>Source Files\util</Filter>
    </ClCompile>
    <ClCompile Include="..\TerrainRL\sim\RaptorControllerMACE.cpp">
      <Filter>Source Files\util</Filter>
    </ClCompile>
    <ClCompile Include="..\TerrainRL\sim\RaptorControllerQ.cpp">
      <Filter>Source Files\util</Filter>
    </ClCompile>
    <ClCompile Include="..\TerrainRL\sim\TerrainRLCharController.cpp">
      <Filter>Source Files\util</Filter>
    </ClCompile>
    <ClCompile Include="..\TerrainRL\sim\SimRaptor.cpp">
      <Filter>Source Files\util</Filter>
    </ClCompile>
    <ClCompile Include="scenarios\DrawScenarioBallRLMACE.cpp">
      <Filter>Source Files\scenarios</Filter>
    </ClCompile>
    <ClCompile Include="scenarios\ScenarioBallRLMACE.cpp">
      <Filter>Source Files\scenarios</Filter>
    </ClCompile>
    <ClCompile Include="stuff\BallControllerMACE.cpp">
      <Filter>Source Files\stuff</Filter>
    </ClCompile>
    <ClCompile Include="scenarios\ScenarioBallRLDPG.cpp">
      <Filter>Source Files\scenarios</Filter>
    </ClCompile>
    <ClCompile Include="scenarios\DrawScenarioBallRLDPG.cpp">
      <Filter>Source Files\scenarios</Filter>
    </ClCompile>
    <ClCompile Include="..\TerrainRL\learning\DPGTrainer.cpp">
      <Filter>Source Files\util</Filter>
    </ClCompile>
    <ClCompile Include="..\TerrainRL\learning\CaclaTrainer.cpp">
      <Filter>Source Files\util</Filter>
    </ClCompile>
    <ClCompile Include="stuff\BallControllerDPG.cpp">
      <Filter>Source Files\stuff</Filter>
    </ClCompile>
    <ClCompile Include="..\TerrainRL\util\Util.cpp">
      <Filter>Source Files\util</Filter>
    </ClCompile>
    <ClCompile Include="stuff\BallControllerMACEDPG.cpp">
      <Filter>Source Files\stuff</Filter>
    </ClCompile>
    <ClCompile Include="scenarios\ScenarioBallRLMACEDPG.cpp">
      <Filter>Source Files\scenarios</Filter>
    </ClCompile>
    <ClCompile Include="scenarios\DrawScenarioBallRLMACEDPG.cpp">
      <Filter>Source Files\scenarios</Filter>
    </ClCompile>
    <ClCompile Include="..\TerrainRL\learning\MACEDPGTrainer.cpp">
      <Filter>Source Files\util</Filter>
    </ClCompile>
    <ClCompile Include="..\TerrainRL\sim\DogControllerDPG.cpp">
      <Filter>Source Files\util</Filter>
    </ClCompile>
    <ClCompile Include="..\TerrainRL\sim\BaseControllerDPG.cpp">
      <Filter>Source Files\util</Filter>
    </ClCompile>
    <ClCompile Include="..\TerrainRL\sim\BaseControllerMACEDPG.cpp">
      <Filter>Source Files\util</Filter>
    </ClCompile>
    <ClCompile Include="..\TerrainRL\sim\DogControllerMACEDPG.cpp">
      <Filter>Source Files\util</Filter>
    </ClCompile>
    <ClCompile Include="scenarios\ScenarioArmTrain.cpp">
      <Filter>Source Files\scenarios</Filter>
    </ClCompile>
    <ClCompile Include="scenarios\DrawScenarioArmTrain.cpp">
      <Filter>Source Files\scenarios</Filter>
    </ClCompile>
    <ClCompile Include="scenarios\ScenarioArmTrainDPG.cpp">
      <Filter>Source Files\scenarios</Filter>
    </ClCompile>
    <ClCompile Include="scenarios\DrawScenarioArmTrainDPG.cpp">
      <Filter>Source Files\scenarios</Filter>
    </ClCompile>
    <ClCompile Include="scenarios\ScenarioArmTrainMACE.cpp">
      <Filter>Source Files\scenarios</Filter>
    </ClCompile>
    <ClCompile Include="scenarios\DrawScenarioArmTrainMACE.cpp">
      <Filter>Source Files\scenarios</Filter>
    </ClCompile>
    <ClCompile Include="stuff\ArmControllerMACE.cpp">
      <Filter>Source Files\stuff</Filter>
    </ClCompile>
    <ClCompile Include="scenarios\ScenarioArmTrainDMACE.cpp">
      <Filter>Source Files\scenarios</Filter>
    </ClCompile>
    <ClCompile Include="scenarios\DrawScenarioArmTrainDMACE.cpp">
      <Filter>Source Files\scenarios</Filter>
    </ClCompile>
    <ClCompile Include="..\TerrainRL\learning\DMACETrainer.cpp">
      <Filter>Source Files\util</Filter>
    </ClCompile>
    <ClCompile Include="stuff\ArmPDControllerMACE.cpp">
      <Filter>Source Files\stuff</Filter>
    </ClCompile>
    <ClCompile Include="..\TerrainRL\learning\NeuralNetLearner.cpp">
      <Filter>Source Files\util</Filter>
    </ClCompile>
    <ClCompile Include="..\TerrainRL\learning\ACLearner.cpp">
      <Filter>Source Files\util</Filter>
    </ClCompile>
    <ClCompile Include="..\TerrainRL\learning\ACTrainer.cpp">
      <Filter>Source Files\util</Filter>
    </ClCompile>
    <ClCompile Include="..\TerrainRL\learning\MACEDPGLearner.cpp">
      <Filter>Source Files\util</Filter>
    </ClCompile>
    <ClCompile Include="..\TerrainRL\learning\DMACELearner.cpp">
      <Filter>Source Files\util</Filter>
    </ClCompile>
    <ClCompile Include="..\library\LodePNG\lodepng_util.cpp">
      <Filter>Source Files\util</Filter>
    </ClCompile>
    <ClCompile Include="..\library\LodePNG\lodepng.cpp">
      <Filter>Source Files\util</Filter>
    </ClCompile>
    <ClCompile Include="..\TerrainRL\learning\NNSolver.cpp">
      <Filter>Source Files\util</Filter>
    </ClCompile>
    <ClCompile Include="..\TerrainRL\render\DrawCharacter.cpp">
      <Filter>Source Files\util</Filter>
    </ClCompile>
    <ClCompile Include="..\TerrainRL\render\DrawKinTree.cpp">
      <Filter>Source Files\util</Filter>
    </ClCompile>
    <ClCompile Include="..\TerrainRL\learning\AsyncTrainer.cpp">
      <Filter>Source Files\util</Filter>
    </ClCompile>
    <ClCompile Include="..\TerrainRL\learning\AsyncQNetTrainer.cpp">
      <Filter>Source Files\util</Filter>
    </ClCompile>
    <ClCompile Include="..\TerrainRL\learning\ParamServer.cpp">
      <Filter>Source Files\util</Filter>
    </ClCompile>
    <ClCompile Include="..\TerrainRL\learning\AsyncACTrainer.cpp">
      <Filter>Source Files\util</Filter>
    </ClCompile>
    <ClCompile Include="..\TerrainRL\learning\TrainerInterface.cpp">
      <Filter>Source Files\util</Filter>
    </ClCompile>
    <ClCompile Include="..\TerrainRL\learning\AsyncCaclaTrainer.cpp">
      <Filter>Source Files\util</Filter>
    </ClCompile>
    <ClCompile Include="..\TerrainRL\learning\AsyncMACETrainer.cpp">
      <Filter>Source Files\util</Filter>
    </ClCompile>
    <ClCompile Include="..\TerrainRL\learning\AsyncDMACETrainer.cpp">
      <Filter>Source Files\util</Filter>
    </ClCompile>
    <ClCompile Include="..\TerrainRL\learning\AsyncDPGTrainer.cpp">
      <Filter>Source Files\util</Filter>
    </ClCompile>
    <ClCompile Include="..\TerrainRL\learning\AsyncMACEDPGTrainer.cpp">
      <Filter>Source Files\util</Filter>
    </ClCompile>
    <ClCompile Include="scenarios\ScenarioRegVar1D.cpp">
      <Filter>Source Files\scenarios</Filter>
    </ClCompile>
    <ClCompile Include="scenarios\DrawScenarioRegVar1D.cpp">
      <Filter>Source Files\scenarios</Filter>
    </ClCompile>
    <ClCompile Include="..\TerrainRL\learning\VarNetTrainer.cpp">
      <Filter>Source Files\util</Filter>
    </ClCompile>
    <ClCompile Include="scenarios\ScenarioBallRLVarCacla.cpp">
      <Filter>Source Files\scenarios</Filter>
    </ClCompile>
    <ClCompile Include="scenarios\DrawScenarioBallRLVarCacla.cpp">
      <Filter>Source Files\scenarios</Filter>
    </ClCompile>
    <ClCompile Include="stuff\BallControllerVarCacla.cpp">
      <Filter>Source Files\stuff</Filter>
    </ClCompile>
    <ClCompile Include="stuff\BallControllerCacla.cpp">
      <Filter>Source Files\stuff</Filter>
    </ClCompile>
    <ClCompile Include="stuff\BallControllerCacla.cpp">
      <Filter>Source Files\stuff</Filter>
    </ClCompile>
    <ClCompile Include="..\TerrainRL\learning\VarCaclaTrainer.cpp">
      <Filter>Source Files\util</Filter>
    </ClCompile>
    <ClCompile Include="..\library\caffe\src\caffe\blob.cpp">
      <Filter>Source Files\caffe</Filter>
    </ClCompile>
    <ClCompile Include="..\library\caffe\src\caffe\parallel.cpp">
      <Filter>Source Files\caffe</Filter>
    </ClCompile>
    <ClCompile Include="..\library\caffe\src\caffe\solver.cpp">
      <Filter>Source Files\caffe</Filter>
    </ClCompile>
    <ClCompile Include="..\library\caffe\src\caffe\syncedmem.cpp">
      <Filter>Source Files\caffe</Filter>
    </ClCompile>
    <ClCompile Include="..\library\caffe\src\caffe\common.cpp">
      <Filter>Source Files\caffe</Filter>
    </ClCompile>
    <ClCompile Include="..\library\caffe\src\caffe\data_reader.cpp">
      <Filter>Source Files\caffe</Filter>
    </ClCompile>
    <ClCompile Include="..\library\caffe\src\caffe\data_transformer.cpp">
      <Filter>Source Files\caffe</Filter>
    </ClCompile>
    <ClCompile Include="..\library\caffe\src\caffe\internal_thread.cpp">
      <Filter>Source Files\caffe</Filter>
    </ClCompile>
    <ClCompile Include="..\library\caffe\src\caffe\layer.cpp">
      <Filter>Source Files\caffe</Filter>
    </ClCompile>
    <ClCompile Include="..\library\caffe\src\caffe\layer_factory.cpp">
      <Filter>Source Files\caffe</Filter>
    </ClCompile>
    <ClCompile Include="..\library\caffe\src\caffe\net.cpp">
      <Filter>Source Files\caffe</Filter>
    </ClCompile>
    <ClCompile Include="..\library\caffe\src\caffe\util\upgrade_proto.cpp">
      <Filter>Source Files\caffe\util</Filter>
    </ClCompile>
    <ClCompile Include="..\library\caffe\src\caffe\util\benchmark.cpp">
      <Filter>Source Files\caffe\util</Filter>
    </ClCompile>
    <ClCompile Include="..\library\caffe\src\caffe\util\blocking_queue.cpp">
      <Filter>Source Files\caffe\util</Filter>
    </ClCompile>
    <ClCompile Include="..\library\caffe\src\caffe\util\cudnn.cpp">
      <Filter>Source Files\caffe\util</Filter>
    </ClCompile>
    <ClCompile Include="..\library\caffe\src\caffe\util\db.cpp">
      <Filter>Source Files\caffe\util</Filter>
    </ClCompile>
    <ClCompile Include="..\library\caffe\src\caffe\util\db_leveldb.cpp">
      <Filter>Source Files\caffe\util</Filter>
    </ClCompile>
    <ClCompile Include="..\library\caffe\src\caffe\util\db_lmdb.cpp">
      <Filter>Source Files\caffe\util</Filter>
    </ClCompile>
    <ClCompile Include="..\library\caffe\src\caffe\util\hdf5.cpp">
      <Filter>Source Files\caffe\util</Filter>
    </ClCompile>
    <ClCompile Include="..\library\caffe\src\caffe\util\im2col.cpp">
      <Filter>Source Files\caffe\util</Filter>
    </ClCompile>
    <ClCompile Include="..\library\caffe\src\caffe\util\insert_splits.cpp">
      <Filter>Source Files\caffe\util</Filter>
    </ClCompile>
    <ClCompile Include="..\library\caffe\src\caffe\util\io.cpp">
      <Filter>Source Files\caffe\util</Filter>
    </ClCompile>
    <ClCompile Include="..\library\caffe\src\caffe\util\math_functions.cpp">
      <Filter>Source Files\caffe\util</Filter>
    </ClCompile>
    <ClCompile Include="..\library\caffe\src\caffe\solvers\nesterov_solver.cpp">
      <Filter>Source Files\caffe\solvers</Filter>
    </ClCompile>
    <ClCompile Include="..\library\caffe\src\caffe\solvers\rmsprop_solver.cpp">
      <Filter>Source Files\caffe\solvers</Filter>
    </ClCompile>
    <ClCompile Include="..\library\caffe\src\caffe\solvers\sgd_solver.cpp">
      <Filter>Source Files\caffe\solvers</Filter>
    </ClCompile>
    <ClCompile Include="..\library\caffe\src\caffe\solvers\adadelta_solver.cpp">
      <Filter>Source Files\caffe\solvers</Filter>
    </ClCompile>
    <ClCompile Include="..\library\caffe\src\caffe\solvers\adagrad_solver.cpp">
      <Filter>Source Files\caffe\solvers</Filter>
    </ClCompile>
    <ClCompile Include="..\library\caffe\src\caffe\solvers\adam_solver.cpp">
      <Filter>Source Files\caffe\solvers</Filter>
    </ClCompile>
    <ClCompile Include="..\library\caffe\src\caffe\proto\caffe.pb.cc">
      <Filter>Source Files\caffe\proto</Filter>
    </ClCompile>
    <ClCompile Include="..\library\caffe\src\caffe\proto\caffe_pretty_print.pb.cc">
      <Filter>Source Files\caffe\proto</Filter>
    </ClCompile>
    <ClCompile Include="..\library\caffe\src\caffe\layers\threshold_layer.cpp">
      <Filter>Source Files\caffe\layers</Filter>
    </ClCompile>
    <ClCompile Include="..\library\caffe\src\caffe\layers\tile_layer.cpp">
      <Filter>Source Files\caffe\layers</Filter>
    </ClCompile>
    <ClCompile Include="..\library\caffe\src\caffe\layers\window_data_layer.cpp">
      <Filter>Source Files\caffe\layers</Filter>
    </ClCompile>
    <ClCompile Include="..\library\caffe\src\caffe\layers\absval_layer.cpp">
      <Filter>Source Files\caffe\layers</Filter>
    </ClCompile>
    <ClCompile Include="..\library\caffe\src\caffe\layers\accuracy_layer.cpp">
      <Filter>Source Files\caffe\layers</Filter>
    </ClCompile>
    <ClCompile Include="..\library\caffe\src\caffe\layers\argmax_layer.cpp">
      <Filter>Source Files\caffe\layers</Filter>
    </ClCompile>
    <ClCompile Include="..\library\caffe\src\caffe\layers\base_conv_layer.cpp">
      <Filter>Source Files\caffe\layers</Filter>
    </ClCompile>
    <ClCompile Include="..\library\caffe\src\caffe\layers\base_data_layer.cpp">
      <Filter>Source Files\caffe\layers</Filter>
    </ClCompile>
    <ClCompile Include="..\library\caffe\src\caffe\layers\batch_norm_layer.cpp">
      <Filter>Source Files\caffe\layers</Filter>
    </ClCompile>
    <ClCompile Include="..\library\caffe\src\caffe\layers\batch_reindex_layer.cpp">
      <Filter>Source Files\caffe\layers</Filter>
    </ClCompile>
    <ClCompile Include="..\library\caffe\src\caffe\layers\bias_layer.cpp">
      <Filter>Source Files\caffe\layers</Filter>
    </ClCompile>
    <ClCompile Include="..\library\caffe\src\caffe\layers\bnll_layer.cpp">
      <Filter>Source Files\caffe\layers</Filter>
    </ClCompile>
    <ClCompile Include="..\library\caffe\src\caffe\layers\concat_layer.cpp">
      <Filter>Source Files\caffe\layers</Filter>
    </ClCompile>
    <ClCompile Include="..\library\caffe\src\caffe\layers\contrastive_loss_layer.cpp">
      <Filter>Source Files\caffe\layers</Filter>
    </ClCompile>
    <ClCompile Include="..\library\caffe\src\caffe\layers\conv_layer.cpp">
      <Filter>Source Files\caffe\layers</Filter>
    </ClCompile>
    <ClCompile Include="..\library\caffe\src\caffe\layers\crop_layer.cpp">
      <Filter>Source Files\caffe\layers</Filter>
    </ClCompile>
    <ClCompile Include="..\library\caffe\src\caffe\layers\cudnn_conv_layer.cpp">
      <Filter>Source Files\caffe\layers</Filter>
    </ClCompile>
    <ClCompile Include="..\library\caffe\src\caffe\layers\cudnn_lcn_layer.cpp">
      <Filter>Source Files\caffe\layers</Filter>
    </ClCompile>
    <ClCompile Include="..\library\caffe\src\caffe\layers\cudnn_lrn_layer.cpp">
      <Filter>Source Files\caffe\layers</Filter>
    </ClCompile>
    <ClCompile Include="..\library\caffe\src\caffe\layers\cudnn_pooling_layer.cpp">
      <Filter>Source Files\caffe\layers</Filter>
    </ClCompile>
    <ClCompile Include="..\library\caffe\src\caffe\layers\cudnn_relu_layer.cpp">
      <Filter>Source Files\caffe\layers</Filter>
    </ClCompile>
    <ClCompile Include="..\library\caffe\src\caffe\layers\cudnn_sigmoid_layer.cpp">
      <Filter>Source Files\caffe\layers</Filter>
    </ClCompile>
    <ClCompile Include="..\library\caffe\src\caffe\layers\cudnn_softmax_layer.cpp">
      <Filter>Source Files\caffe\layers</Filter>
    </ClCompile>
    <ClCompile Include="..\library\caffe\src\caffe\layers\cudnn_tanh_layer.cpp">
      <Filter>Source Files\caffe\layers</Filter>
    </ClCompile>
    <ClCompile Include="..\library\caffe\src\caffe\layers\data_layer.cpp">
      <Filter>Source Files\caffe\layers</Filter>
    </ClCompile>
    <ClCompile Include="..\library\caffe\src\caffe\layers\deconv_layer.cpp">
      <Filter>Source Files\caffe\layers</Filter>
    </ClCompile>
    <ClCompile Include="..\library\caffe\src\caffe\layers\dropout_layer.cpp">
      <Filter>Source Files\caffe\layers</Filter>
    </ClCompile>
    <ClCompile Include="..\library\caffe\src\caffe\layers\dummy_data_layer.cpp">
      <Filter>Source Files\caffe\layers</Filter>
    </ClCompile>
    <ClCompile Include="..\library\caffe\src\caffe\layers\eltwise_layer.cpp">
      <Filter>Source Files\caffe\layers</Filter>
    </ClCompile>
    <ClCompile Include="..\library\caffe\src\caffe\layers\elu_layer.cpp">
      <Filter>Source Files\caffe\layers</Filter>
    </ClCompile>
    <ClCompile Include="..\library\caffe\src\caffe\layers\embed_layer.cpp">
      <Filter>Source Files\caffe\layers</Filter>
    </ClCompile>
    <ClCompile Include="..\library\caffe\src\caffe\layers\euclidean_loss_layer.cpp">
      <Filter>Source Files\caffe\layers</Filter>
    </ClCompile>
    <ClCompile Include="..\library\caffe\src\caffe\layers\exp_layer.cpp">
      <Filter>Source Files\caffe\layers</Filter>
    </ClCompile>
    <ClCompile Include="..\library\caffe\src\caffe\layers\filter_layer.cpp">
      <Filter>Source Files\caffe\layers</Filter>
    </ClCompile>
    <ClCompile Include="..\library\caffe\src\caffe\layers\flatten_layer.cpp">
      <Filter>Source Files\caffe\layers</Filter>
    </ClCompile>
    <ClCompile Include="..\library\caffe\src\caffe\layers\hdf5_data_layer.cpp">
      <Filter>Source Files\caffe\layers</Filter>
    </ClCompile>
    <ClCompile Include="..\library\caffe\src\caffe\layers\hdf5_output_layer.cpp">
      <Filter>Source Files\caffe\layers</Filter>
    </ClCompile>
    <ClCompile Include="..\library\caffe\src\caffe\layers\hinge_loss_layer.cpp">
      <Filter>Source Files\caffe\layers</Filter>
    </ClCompile>
    <ClCompile Include="..\library\caffe\src\caffe\layers\im2col_layer.cpp">
      <Filter>Source Files\caffe\layers</Filter>
    </ClCompile>
    <ClCompile Include="..\library\caffe\src\caffe\layers\image_data_layer.cpp">
      <Filter>Source Files\caffe\layers</Filter>
    </ClCompile>
    <ClCompile Include="..\library\caffe\src\caffe\layers\infogain_loss_layer.cpp">
      <Filter>Source Files\caffe\layers</Filter>
    </ClCompile>
    <ClCompile Include="..\library\caffe\src\caffe\layers\inner_product_layer.cpp">
      <Filter>Source Files\caffe\layers</Filter>
    </ClCompile>
    <ClCompile Include="..\library\caffe\src\caffe\layers\input_layer.cpp">
      <Filter>Source Files\caffe\layers</Filter>
    </ClCompile>
    <ClCompile Include="..\library\caffe\src\caffe\layers\log_layer.cpp">
      <Filter>Source Files\caffe\layers</Filter>
    </ClCompile>
    <ClCompile Include="..\library\caffe\src\caffe\layers\loss_layer.cpp">
      <Filter>Source Files\caffe\layers</Filter>
    </ClCompile>
    <ClCompile Include="..\library\caffe\src\caffe\layers\lrn_layer.cpp">
      <Filter>Source Files\caffe\layers</Filter>
    </ClCompile>
    <ClCompile Include="..\library\caffe\src\caffe\layers\lstm_layer.cpp">
      <Filter>Source Files\caffe\layers</Filter>
    </ClCompile>
    <ClCompile Include="..\library\caffe\src\caffe\layers\lstm_unit_layer.cpp">
      <Filter>Source Files\caffe\layers</Filter>
    </ClCompile>
    <ClCompile Include="..\library\caffe\src\caffe\layers\memory_data_layer.cpp">
      <Filter>Source Files\caffe\layers</Filter>
    </ClCompile>
    <ClCompile Include="..\library\caffe\src\caffe\layers\multinomial_logistic_loss_layer.cpp">
      <Filter>Source Files\caffe\layers</Filter>
    </ClCompile>
    <ClCompile Include="..\library\caffe\src\caffe\layers\mvn_layer.cpp">
      <Filter>Source Files\caffe\layers</Filter>
    </ClCompile>
    <ClCompile Include="..\library\caffe\src\caffe\layers\neuron_layer.cpp">
      <Filter>Source Files\caffe\layers</Filter>
    </ClCompile>
    <ClCompile Include="..\library\caffe\src\caffe\layers\pooling_layer.cpp">
      <Filter>Source Files\caffe\layers</Filter>
    </ClCompile>
    <ClCompile Include="..\library\caffe\src\caffe\layers\power_layer.cpp">
      <Filter>Source Files\caffe\layers</Filter>
    </ClCompile>
    <ClCompile Include="..\library\caffe\src\caffe\layers\prelu_layer.cpp">
      <Filter>Source Files\caffe\layers</Filter>
    </ClCompile>
    <ClCompile Include="..\library\caffe\src\caffe\layers\recurrent_layer.cpp">
      <Filter>Source Files\caffe\layers</Filter>
    </ClCompile>
    <ClCompile Include="..\library\caffe\src\caffe\layers\reduction_layer.cpp">
      <Filter>Source Files\caffe\layers</Filter>
    </ClCompile>
    <ClCompile Include="..\library\caffe\src\caffe\layers\relu_layer.cpp">
      <Filter>Source Files\caffe\layers</Filter>
    </ClCompile>
    <ClCompile Include="..\library\caffe\src\caffe\layers\reshape_layer.cpp">
      <Filter>Source Files\caffe\layers</Filter>
    </ClCompile>
    <ClCompile Include="..\library\caffe\src\caffe\layers\rnn_layer.cpp">
      <Filter>Source Files\caffe\layers</Filter>
    </ClCompile>
    <ClCompile Include="..\library\caffe\src\caffe\layers\scale_layer.cpp">
      <Filter>Source Files\caffe\layers</Filter>
    </ClCompile>
    <ClCompile Include="..\library\caffe\src\caffe\layers\sigmoid_cross_entropy_loss_layer.cpp">
      <Filter>Source Files\caffe\layers</Filter>
    </ClCompile>
    <ClCompile Include="..\library\caffe\src\caffe\layers\sigmoid_layer.cpp">
      <Filter>Source Files\caffe\layers</Filter>
    </ClCompile>
    <ClCompile Include="..\library\caffe\src\caffe\layers\silence_layer.cpp">
      <Filter>Source Files\caffe\layers</Filter>
    </ClCompile>
    <ClCompile Include="..\library\caffe\src\caffe\layers\slice_layer.cpp">
      <Filter>Source Files\caffe\layers</Filter>
    </ClCompile>
    <ClCompile Include="..\library\caffe\src\caffe\layers\softmax_layer.cpp">
      <Filter>Source Files\caffe\layers</Filter>
    </ClCompile>
    <ClCompile Include="..\library\caffe\src\caffe\layers\softmax_loss_layer.cpp">
      <Filter>Source Files\caffe\layers</Filter>
    </ClCompile>
    <ClCompile Include="..\library\caffe\src\caffe\layers\split_layer.cpp">
      <Filter>Source Files\caffe\layers</Filter>
    </ClCompile>
    <ClCompile Include="..\library\caffe\src\caffe\layers\spp_layer.cpp">
      <Filter>Source Files\caffe\layers</Filter>
    </ClCompile>
    <ClCompile Include="..\library\caffe\src\caffe\layers\tanh_layer.cpp">
      <Filter>Source Files\caffe\layers</Filter>
    </ClCompile>
    <ClCompile Include="..\TerrainRL\sim\BaseControllerDMACE.cpp">
      <Filter>Source Files\util</Filter>
    </ClCompile>
    <ClCompile Include="..\TerrainRL\sim\DogControllerDMACE.cpp">
      <Filter>Source Files\util</Filter>
    </ClCompile>
    <ClCompile Include="scenarios\ScenarioRNN.cpp">
      <Filter>Source Files\scenarios</Filter>
    </ClCompile>
    <ClCompile Include="scenarios\DrawScenarioRNN.cpp">
      <Filter>Source Files\scenarios</Filter>
    </ClCompile>
    <ClCompile Include="..\TerrainRL\learning\RecurrentNet.cpp">
      <Filter>Source Files\util</Filter>
    </ClCompile>
    <ClCompile Include="..\TerrainRL\learning\RNNTrainer.cpp">
      <Filter>Source Files\util</Filter>
    </ClCompile>
    <ClCompile Include="..\TerrainRL\sim\TerrainRLCtrlFactory.cpp">
      <Filter>Source Files\util</Filter>
    </ClCompile>
    <ClCompile Include="..\TerrainRL\sim\CtRNNController.cpp">
      <Filter>Source Files\util</Filter>
    </ClCompile>
    <ClCompile Include="..\TerrainRL\sim\CtController.cpp">
      <Filter>Source Files\util</Filter>
    </ClCompile>
    <ClCompile Include="..\TerrainRL\learning\RNNLearner.cpp">
      <Filter>Source Files\util</Filter>
    </ClCompile>
    <ClCompile Include="..\TerrainRL\learning\AsyncRNNTrainer.cpp">
      <Filter>Source Files\util</Filter>
    </ClCompile>
    <ClCompile Include="scenarios\ScenarioArmImitate.cpp">
      <Filter>Source Files\scenarios</Filter>
    </ClCompile>
    <ClCompile Include="scenarios\DrawScenarioArmImitate.cpp">
      <Filter>Source Files\scenarios</Filter>
    </ClCompile>
    <ClCompile Include="..\TerrainRL\anim\KinCharacter.cpp">
      <Filter>Source Files\util</Filter>
    </ClCompile>
    <ClCompile Include="..\TerrainRL\anim\Motion.cpp">
      <Filter>Source Files\util</Filter>
    </ClCompile>
    <ClCompile Include="..\TerrainRL\anim\MotionRecorder.cpp">
      <Filter>Source Files\util</Filter>
    </ClCompile>
    <ClCompile Include="stuff\ArmNNTrackController.cpp">
      <Filter>Source Files\stuff</Filter>
    </ClCompile>
    <ClCompile Include="..\TerrainRL\sim\CtTrackController.cpp">
      <Filter>Source Files\util</Filter>
    </ClCompile>
    <ClCompile Include="..\library\caffe\src\caffe\layers\weighted_euclidean_loss_layer.cpp">
      <Filter>Source Files\caffe\layers</Filter>
    </ClCompile>
    <ClCompile Include="..\library\caffe\src\caffe\layers\weighted_memory_data_layer.cpp">
      <Filter>Source Files\caffe\layers</Filter>
    </ClCompile>
    <ClCompile Include="..\TerrainRL\learning\SARSATrainer.cpp">
      <Filter>Source Files\util</Filter>
    </ClCompile>
    <ClCompile Include="..\TerrainRL\sim\SimCharGeneral.cpp">
      <Filter>Source Files\util</Filter>
    </ClCompile>
    <ClCompile Include="..\TerrainRL\sim\CtNPDController.cpp">
      <Filter>Source Files\util</Filter>
    </ClCompile>
    <ClCompile Include="..\TerrainRL\sim\CtNPDTrackController.cpp">
      <Filter>Source Files\util</Filter>
    </ClCompile>
    <ClCompile Include="..\TerrainRL\sim\CtPhaseController.cpp">
      <Filter>Source Files\util</Filter>
    </ClCompile>
    <ClCompile Include="..\TerrainRL\sim\CtPDController.cpp">
      <Filter>Source Files\util</Filter>
    </ClCompile>
    <ClCompile Include="..\TerrainRL\sim\CtPDPhaseController.cpp">
      <Filter>Source Files\util</Filter>
    </ClCompile>
    <ClCompile Include="..\TerrainRL\sim\CtPDTrackController.cpp">
      <Filter>Source Files\util</Filter>
    </ClCompile>
    <ClCompile Include="..\TerrainRL\sim\CtQVelController.cpp">
      <Filter>Source Files\util</Filter>
    </ClCompile>
    <ClCompile Include="..\TerrainRL\sim\CtQController.cpp">
      <Filter>Source Files\util</Filter>
    </ClCompile>
    <ClCompile Include="..\TerrainRL\sim\CtQPDController.cpp">
      <Filter>Source Files\util</Filter>
    </ClCompile>
    <ClCompile Include="..\TerrainRL\sim\CtQPDTrackController.cpp">
      <Filter>Source Files\util</Filter>
    </ClCompile>
    <ClCompile Include="..\TerrainRL\sim\CtQTrackController.cpp">
      <Filter>Source Files\util</Filter>
    </ClCompile>
    <ClCompile Include="..\TerrainRL\sim\CtQVelTrackController.cpp">
      <Filter>Source Files\util</Filter>
    </ClCompile>
    <ClCompile Include="..\TerrainRL\sim\CtVelTrackController.cpp">
      <Filter>Source Files\util</Filter>
    </ClCompile>
    <ClCompile Include="..\TerrainRL\sim\CtVelController.cpp">
      <Filter>Source Files\util</Filter>
    </ClCompile>
    <ClCompile Include="..\TerrainRL\sim\CtVelPhaseController.cpp">
      <Filter>Source Files\util</Filter>
    </ClCompile>
    <ClCompile Include="..\library\caffe\src\caffe\layers\fixed_euclidean_loss_layer.cpp">
      <Filter>Source Files\caffe\layers</Filter>
    </ClCompile>
    <ClCompile Include="..\TerrainRL\sim\DogControllerCaclaDQ.cpp">
      <Filter>Source Files\util</Filter>
    </ClCompile>
    <ClCompile Include="..\TerrainRL\sim\SimBiped.cpp">
      <Filter>Source Files\util</Filter>
    </ClCompile>
    <ClCompile Include="..\TerrainRL\sim\BipedControllerQ.cpp">
      <Filter>Source Files\util</Filter>
    </ClCompile>
    <ClCompile Include="..\TerrainRL\sim\BipedController.cpp">
      <Filter>Source Files\util</Filter>
    </ClCompile>
  </ItemGroup>
  <ItemGroup>
    <ClInclude Include="..\TerrainRL\util\Rand.h">
      <Filter>Source Files\util</Filter>
    </ClInclude>
    <ClInclude Include="..\TerrainRL\util\MathUtil.h">
      <Filter>Source Files\util</Filter>
    </ClInclude>
    <ClInclude Include="..\TerrainRL\util\ArgParser.h">
      <Filter>Source Files\util</Filter>
    </ClInclude>
    <ClInclude Include="..\TerrainRL\util\FileUtil.h">
      <Filter>Source Files\util</Filter>
    </ClInclude>
    <ClInclude Include="..\TerrainRL\render\Camera.h">
      <Filter>Source Files\util</Filter>
    </ClInclude>
    <ClInclude Include="..\TerrainRL\render\DrawUtil.h">
      <Filter>Source Files\util</Filter>
    </ClInclude>
    <ClInclude Include="..\TerrainRL\scenarios\Scenario.h">
      <Filter>Source Files\scenarios</Filter>
    </ClInclude>
    <ClInclude Include="..\TerrainRL\scenarios\DrawScenario.h">
      <Filter>Source Files\scenarios</Filter>
    </ClInclude>
    <ClInclude Include="scenarios\ScenarioReg1D.h">
      <Filter>Source Files\scenarios</Filter>
    </ClInclude>
    <ClInclude Include="scenarios\DrawScenarioReg1D.h">
      <Filter>Source Files\scenarios</Filter>
    </ClInclude>
    <ClInclude Include="scenarios\ScenarioBallRL.h">
      <Filter>Source Files\scenarios</Filter>
    </ClInclude>
    <ClInclude Include="scenarios\DrawScenarioBallRL.h">
      <Filter>Source Files\scenarios</Filter>
    </ClInclude>
    <ClInclude Include="stuff\PenaltyGround.h">
      <Filter>Source Files\stuff</Filter>
    </ClInclude>
    <ClInclude Include="stuff\Ball.h">
      <Filter>Source Files\stuff</Filter>
    </ClInclude>
    <ClInclude Include="stuff\BallController.h">
      <Filter>Source Files\stuff</Filter>
    </ClInclude>
    <ClInclude Include="..\TerrainRL\learning\ExpTuple.h">
      <Filter>Source Files\util</Filter>
    </ClInclude>
    <ClInclude Include="..\TerrainRL\learning\QNetTrainer.h">
      <Filter>Source Files\util</Filter>
    </ClInclude>
    <ClInclude Include="..\TerrainRL\learning\NeuralNet.h">
      <Filter>Source Files\util</Filter>
    </ClInclude>
    <ClInclude Include="..\TerrainRL\util\CircularBuffer.h">
      <Filter>Source Files\util</Filter>
    </ClInclude>
    <ClInclude Include="..\TerrainRL\util\JsonUtil.h">
      <Filter>Source Files\util</Filter>
    </ClInclude>
    <ClInclude Include="scenarios\ScenarioArmRL.h">
      <Filter>Source Files\scenarios</Filter>
    </ClInclude>
    <ClInclude Include="scenarios\DrawScenarioArmRL.h">
      <Filter>Source Files\scenarios</Filter>
    </ClInclude>
    <ClInclude Include="..\TerrainRL\scenarios\ScenarioSimChar.h">
      <Filter>Source Files\scenarios</Filter>
    </ClInclude>
    <ClInclude Include="stuff\SimArm.h">
      <Filter>Source Files\stuff</Filter>
    </ClInclude>
    <ClInclude Include="..\TerrainRL\anim\Character.h">
      <Filter>Source Files\util</Filter>
    </ClInclude>
    <ClInclude Include="..\TerrainRL\sim\CharController.h">
      <Filter>Source Files\util</Filter>
    </ClInclude>
    <ClInclude Include="..\TerrainRL\sim\ContactManager.h">
      <Filter>Source Files\util</Filter>
    </ClInclude>
    <ClInclude Include="..\TerrainRL\sim\Controller.h">
      <Filter>Source Files\util</Filter>
    </ClInclude>
    <ClInclude Include="..\TerrainRL\sim\DogController.h">
      <Filter>Source Files\util</Filter>
    </ClInclude>
    <ClInclude Include="stuff\DrawBall.h">
      <Filter>Source Files\util</Filter>
    </ClInclude>
    <ClInclude Include="..\TerrainRL\render\DrawObj.h">
      <Filter>Source Files\util</Filter>
    </ClInclude>
    <ClInclude Include="stuff\DrawPenaltyGround.h">
      <Filter>Source Files\util</Filter>
    </ClInclude>
    <ClInclude Include="..\TerrainRL\render\DrawPerturb.h">
      <Filter>Source Files\util</Filter>
    </ClInclude>
    <ClInclude Include="..\TerrainRL\render\DrawSimCharacter.h">
      <Filter>Source Files\util</Filter>
    </ClInclude>
    <ClInclude Include="..\TerrainRL\sim\Ground.h">
      <Filter>Source Files\util</Filter>
    </ClInclude>
    <ClInclude Include="..\TerrainRL\sim\GroundVar2D.h">
      <Filter>Source Files\util</Filter>
    </ClInclude>
    <ClInclude Include="..\TerrainRL\sim\ImpPDController.h">
      <Filter>Source Files\util</Filter>
    </ClInclude>
    <ClInclude Include="..\TerrainRL\sim\Joint.h">
      <Filter>Source Files\util</Filter>
    </ClInclude>
    <ClInclude Include="..\TerrainRL\anim\KinTree.h">
      <Filter>Source Files\util</Filter>
    </ClInclude>
    <ClInclude Include="..\TerrainRL\sim\NNController.h">
      <Filter>Source Files\util</Filter>
    </ClInclude>
    <ClInclude Include="..\TerrainRL\sim\PDController.h">
      <Filter>Source Files\util</Filter>
    </ClInclude>
    <ClInclude Include="..\TerrainRL\sim\Perturb.h">
      <Filter>Source Files\util</Filter>
    </ClInclude>
    <ClInclude Include="..\TerrainRL\sim\PerturbManager.h">
      <Filter>Source Files\util</Filter>
    </ClInclude>
    <ClInclude Include="..\TerrainRL\optimizer\opt\QuadProg.h">
      <Filter>Source Files\util</Filter>
    </ClInclude>
    <ClInclude Include="..\TerrainRL\sim\RBDModel.h">
      <Filter>Source Files\util</Filter>
    </ClInclude>
    <ClInclude Include="..\TerrainRL\sim\RBDUtil.h">
      <Filter>Source Files\util</Filter>
    </ClInclude>
    <ClInclude Include="..\TerrainRL\sim\SimBox.h">
      <Filter>Source Files\util</Filter>
    </ClInclude>
    <ClInclude Include="..\TerrainRL\sim\SimCapsule.h">
      <Filter>Source Files\util</Filter>
    </ClInclude>
    <ClInclude Include="..\TerrainRL\sim\SimCharacter.h">
      <Filter>Source Files\util</Filter>
    </ClInclude>
    <ClInclude Include="..\TerrainRL\sim\SimCharSoftFall.h">
      <Filter>Source Files\util</Filter>
    </ClInclude>
    <ClInclude Include="..\TerrainRL\sim\SimDog.h">
      <Filter>Source Files\util</Filter>
    </ClInclude>
    <ClInclude Include="..\TerrainRL\sim\SimObj.h">
      <Filter>Source Files\util</Filter>
    </ClInclude>
    <ClInclude Include="..\TerrainRL\sim\SpAlg.h">
      <Filter>Source Files\util</Filter>
    </ClInclude>
    <ClInclude Include="..\TerrainRL\sim\TerrainGen2D.h">
      <Filter>Source Files\util</Filter>
    </ClInclude>
    <ClInclude Include="..\TerrainRL\sim\World.h">
      <Filter>Source Files\util</Filter>
    </ClInclude>
    <ClInclude Include="stuff\ArmQPController.h">
      <Filter>Source Files\stuff</Filter>
    </ClInclude>
    <ClInclude Include="..\TerrainRL\scenarios\DrawScenarioSimInteractive.h">
      <Filter>Source Files\scenarios</Filter>
    </ClInclude>
    <ClInclude Include="..\TerrainRL\render\TextureUtil.h">
      <Filter>Source Files\util</Filter>
    </ClInclude>
    <ClInclude Include="..\TerrainRL\render\TextureDesc.h">
      <Filter>Source Files\util</Filter>
    </ClInclude>
    <ClInclude Include="stuff\ArmController.h">
      <Filter>Source Files\stuff</Filter>
    </ClInclude>
    <ClInclude Include="stuff\ArmNNController.h">
      <Filter>Source Files\stuff</Filter>
    </ClInclude>
    <ClInclude Include="..\TerrainRL\learning\NeuralNetTrainer.h">
      <Filter>Source Files\util</Filter>
    </ClInclude>
    <ClInclude Include="stuff\ArmPDQPController.h">
      <Filter>Source Files\stuff</Filter>
    </ClInclude>
    <ClInclude Include="stuff\ArmPDNNController.h">
      <Filter>Source Files\stuff</Filter>
    </ClInclude>
    <ClInclude Include="stuff\ArmNNPixelController.h">
      <Filter>Source Files\stuff</Filter>
    </ClInclude>
    <ClInclude Include="scenarios\ScenarioArmRLPretrain.h">
      <Filter>Source Files\scenarios</Filter>
    </ClInclude>
    <ClInclude Include="scenarios\DrawScenarioArmRLPretrain.h">
      <Filter>Source Files\scenarios</Filter>
    </ClInclude>
    <ClInclude Include="..\TerrainRL\sim\CharTracer.h">
      <Filter>Source Files\util</Filter>
    </ClInclude>
    <ClInclude Include="..\TerrainRL\render\DrawWorld.h">
      <Filter>Source Files\util</Filter>
    </ClInclude>
    <ClInclude Include="scenarios\ScenarioArm.h">
      <Filter>Source Files\scenarios</Filter>
    </ClInclude>
    <ClInclude Include="scenarios\DrawScenarioArm.h">
      <Filter>Source Files\scenarios</Filter>
    </ClInclude>
    <ClInclude Include="scenarios\DrawScenarioArmEval.h">
      <Filter>Source Files\scenarios</Filter>
    </ClInclude>
    <ClInclude Include="scenarios\ScenarioArmEval.h">
      <Filter>Source Files\scenarios</Filter>
    </ClInclude>
    <ClInclude Include="stuff\ArmVelQPController.h">
      <Filter>Source Files\stuff</Filter>
    </ClInclude>
    <ClInclude Include="stuff\ArmVelNNController.h">
      <Filter>Source Files\stuff</Filter>
    </ClInclude>
    <ClInclude Include="stuff\ArmPDNNPixelController.h">
      <Filter>Source Files\stuff</Filter>
    </ClInclude>
    <ClInclude Include="stuff\ArmVelNNPixelController.h">
      <Filter>Source Files\stuff</Filter>
    </ClInclude>
    <ClInclude Include="scenarios\ScenarioBallRLCacla.h">
      <Filter>Source Files\scenarios</Filter>
    </ClInclude>
    <ClInclude Include="scenarios\DrawScenarioBallRLCacla.h">
      <Filter>Source Files\scenarios</Filter>
    </ClInclude>
    <ClInclude Include="..\TerrainRL\learning\CaclaTrainer.h">
      <Filter>Source Files\util</Filter>
    </ClInclude>
    <ClInclude Include="stuff\ArmNNPixelNoPoseController.h">
      <Filter>Source Files\stuff</Filter>
    </ClInclude>
    <ClInclude Include="scenarios\ScenarioBallEval.h">
      <Filter>Source Files\scenarios</Filter>
    </ClInclude>
    <ClInclude Include="scenarios\DrawScenarioBallEval.h">
      <Filter>Source Files\scenarios</Filter>
    </ClInclude>
    <ClInclude Include="..\TerrainRL\sim\SimMonopedHopper.h">
      <Filter>Source Files\util</Filter>
    </ClInclude>
    <ClInclude Include="..\TerrainRL\learning\MACETrainer.h">
      <Filter>Source Files\util</Filter>
    </ClInclude>
    <ClInclude Include="..\TerrainRL\sim\DogControllerMACE.h">
      <Filter>Source Files\util</Filter>
    </ClInclude>
    <ClInclude Include="..\TerrainRL\sim\DogControllerQ.h">
      <Filter>Source Files\util</Filter>
    </ClInclude>
    <ClInclude Include="..\TerrainRL\sim\DogControllerCacla.h">
      <Filter>Source Files\util</Filter>
    </ClInclude>
    <ClInclude Include="..\TerrainRL\sim\BaseControllerMACE.h">
      <Filter>Source Files\util</Filter>
    </ClInclude>
    <ClInclude Include="..\TerrainRL\sim\BaseControllerQ.h">
      <Filter>Source Files\util</Filter>
    </ClInclude>
    <ClInclude Include="..\TerrainRL\sim\BaseControllerCacla.h">
      <Filter>Source Files\util</Filter>
    </ClInclude>
    <ClInclude Include="..\TerrainRL\render\GraphUtil.h">
      <Filter>Source Files\util</Filter>
    </ClInclude>
    <ClInclude Include="..\TerrainRL\sim\GoatControllerMACE.h">
      <Filter>Source Files\util</Filter>
    </ClInclude>
    <ClInclude Include="..\TerrainRL\sim\MonopedHopperController.h">
      <Filter>Source Files\util</Filter>
    </ClInclude>
    <ClInclude Include="..\TerrainRL\sim\MonopedHopperControllerCacla.h">
      <Filter>Source Files\util</Filter>
    </ClInclude>
    <ClInclude Include="..\TerrainRL\sim\MonopedHopperControllerMACE.h">
      <Filter>Source Files\util</Filter>
    </ClInclude>
    <ClInclude Include="..\TerrainRL\sim\MonopedHopperControllerQ.h">
      <Filter>Source Files\util</Filter>
    </ClInclude>
    <ClInclude Include="..\TerrainRL\sim\RaptorController.h">
      <Filter>Source Files\util</Filter>
    </ClInclude>
    <ClInclude Include="..\TerrainRL\sim\RaptorControllerCacla.h">
      <Filter>Source Files\util</Filter>
    </ClInclude>
    <ClInclude Include="..\TerrainRL\sim\RaptorControllerMACE.h">
      <Filter>Source Files\util</Filter>
    </ClInclude>
    <ClInclude Include="..\TerrainRL\sim\RaptorControllerQ.h">
      <Filter>Source Files\util</Filter>
    </ClInclude>
    <ClInclude Include="..\TerrainRL\sim\TerrainRLCharController.h">
      <Filter>Source Files\util</Filter>
    </ClInclude>
    <ClInclude Include="..\TerrainRL\sim\SimRaptor.h">
      <Filter>Source Files\util</Filter>
    </ClInclude>
    <ClInclude Include="scenarios\DrawScenarioBallRLMACE.h">
      <Filter>Source Files\scenarios</Filter>
    </ClInclude>
    <ClInclude Include="scenarios\ScenarioBallRLMACE.h">
      <Filter>Source Files\scenarios</Filter>
    </ClInclude>
    <ClInclude Include="stuff\BallControllerMACE.h">
      <Filter>Source Files\stuff</Filter>
    </ClInclude>
    <ClInclude Include="scenarios\ScenarioBallRLDPG.h">
      <Filter>Source Files\scenarios</Filter>
    </ClInclude>
    <ClInclude Include="scenarios\DrawScenarioBallRLDPG.h">
      <Filter>Source Files\scenarios</Filter>
    </ClInclude>
    <ClInclude Include="..\TerrainRL\learning\DPGTrainer.h">
      <Filter>Source Files\util</Filter>
    </ClInclude>
    <ClInclude Include="stuff\BallControllerDPG.h">
      <Filter>Source Files\stuff</Filter>
    </ClInclude>
    <ClInclude Include="..\TerrainRL\util\Util.h">
      <Filter>Source Files\util</Filter>
    </ClInclude>
    <ClInclude Include="stuff\BallControllerMACEDPG.h">
      <Filter>Source Files\stuff</Filter>
    </ClInclude>
    <ClInclude Include="scenarios\ScenarioBallRLMACEDPG.h">
      <Filter>Source Files\scenarios</Filter>
    </ClInclude>
    <ClInclude Include="scenarios\DrawScenarioBallRLMACEDPG.h">
      <Filter>Source Files\scenarios</Filter>
    </ClInclude>
    <ClInclude Include="..\TerrainRL\learning\MACEDPGTrainer.h">
      <Filter>Source Files\util</Filter>
    </ClInclude>
    <ClInclude Include="..\TerrainRL\sim\DogControllerDPG.h">
      <Filter>Source Files\util</Filter>
    </ClInclude>
    <ClInclude Include="..\TerrainRL\sim\BaseControllerDPG.h">
      <Filter>Source Files\util</Filter>
    </ClInclude>
    <ClInclude Include="..\TerrainRL\sim\BaseControllerMACEDPG.h">
      <Filter>Source Files\util</Filter>
    </ClInclude>
    <ClInclude Include="..\TerrainRL\sim\DogControllerMACEDPG.h">
      <Filter>Source Files\util</Filter>
    </ClInclude>
    <ClInclude Include="scenarios\ScenarioArmTrain.h">
      <Filter>Source Files\scenarios</Filter>
    </ClInclude>
    <ClInclude Include="scenarios\DrawScenarioArmTrain.h">
      <Filter>Source Files\scenarios</Filter>
    </ClInclude>
    <ClInclude Include="scenarios\ScenarioArmTrainDPG.h">
      <Filter>Source Files\scenarios</Filter>
    </ClInclude>
    <ClInclude Include="scenarios\DrawScenarioArmTrainDPG.h">
      <Filter>Source Files\scenarios</Filter>
    </ClInclude>
    <ClInclude Include="scenarios\ScenarioArmTrainMACE.h">
      <Filter>Source Files\scenarios</Filter>
    </ClInclude>
    <ClInclude Include="scenarios\DrawScenarioArmTrainMACE.h">
      <Filter>Source Files\scenarios</Filter>
    </ClInclude>
    <ClInclude Include="stuff\ArmControllerMACE.h">
      <Filter>Source Files\stuff</Filter>
    </ClInclude>
    <ClInclude Include="scenarios\ScenarioArmTrainDMACE.h">
      <Filter>Source Files\scenarios</Filter>
    </ClInclude>
    <ClInclude Include="scenarios\DrawScenarioArmTrainDMACE.h">
      <Filter>Source Files\scenarios</Filter>
    </ClInclude>
    <ClInclude Include="..\TerrainRL\learning\DMACETrainer.h">
      <Filter>Source Files\util</Filter>
    </ClInclude>
    <ClInclude Include="stuff\ArmPDControllerMACE.h">
      <Filter>Source Files\stuff</Filter>
    </ClInclude>
    <ClInclude Include="..\TerrainRL\learning\NeuralNetLearner.h">
      <Filter>Source Files\util</Filter>
    </ClInclude>
    <ClInclude Include="..\TerrainRL\learning\ACLearner.h">
      <Filter>Source Files\util</Filter>
    </ClInclude>
    <ClInclude Include="..\TerrainRL\learning\ACTrainer.h">
      <Filter>Source Files\util</Filter>
    </ClInclude>
    <ClInclude Include="..\TerrainRL\learning\MACEDPGLearner.h">
      <Filter>Source Files\util</Filter>
    </ClInclude>
    <ClInclude Include="..\TerrainRL\learning\DMACELearner.h">
      <Filter>Source Files\util</Filter>
    </ClInclude>
    <ClInclude Include="..\library\LodePNG\lodepng_util.h">
      <Filter>Source Files\util</Filter>
    </ClInclude>
    <ClInclude Include="..\library\LodePNG\lodepng.h">
      <Filter>Source Files\util</Filter>
    </ClInclude>
    <ClInclude Include="..\TerrainRL\learning\AsyncSolver.h">
      <Filter>Source Files\util</Filter>
    </ClInclude>
    <ClInclude Include="..\TerrainRL\learning\NNSolver.h">
      <Filter>Source Files\util</Filter>
    </ClInclude>
    <ClInclude Include="..\TerrainRL\render\DrawCharacter.h">
      <Filter>Source Files\util</Filter>
    </ClInclude>
    <ClInclude Include="..\TerrainRL\render\DrawKinTree.h">
      <Filter>Source Files\util</Filter>
    </ClInclude>
    <ClInclude Include="..\TerrainRL\learning\TrainerInterface.h">
      <Filter>Source Files\util</Filter>
    </ClInclude>
    <ClInclude Include="..\TerrainRL\learning\AsyncTrainer.h">
      <Filter>Source Files\util</Filter>
    </ClInclude>
    <ClInclude Include="..\TerrainRL\learning\AsyncQNetTrainer.h">
      <Filter>Source Files\util</Filter>
    </ClInclude>
    <ClInclude Include="..\TerrainRL\learning\ParamServer.h">
      <Filter>Source Files\util</Filter>
    </ClInclude>
    <ClInclude Include="..\TerrainRL\learning\AsyncACTrainer.h">
      <Filter>Source Files\util</Filter>
    </ClInclude>
    <ClInclude Include="..\TerrainRL\learning\AsyncCaclaTrainer.h">
      <Filter>Source Files\util</Filter>
    </ClInclude>
    <ClInclude Include="..\TerrainRL\learning\AsyncMACETrainer.h">
      <Filter>Source Files\util</Filter>
    </ClInclude>
    <ClInclude Include="..\TerrainRL\learning\AsyncDMACETrainer.h">
      <Filter>Source Files\util</Filter>
    </ClInclude>
    <ClInclude Include="..\TerrainRL\learning\AsyncDPGTrainer.h">
      <Filter>Source Files\util</Filter>
    </ClInclude>
    <ClInclude Include="..\TerrainRL\learning\AsyncMACEDPGTrainer.h">
      <Filter>Source Files\util</Filter>
    </ClInclude>
    <ClInclude Include="scenarios\ScenarioRegVar1D.h">
      <Filter>Source Files\scenarios</Filter>
    </ClInclude>
    <ClInclude Include="scenarios\DrawScenarioRegVar1D.h">
      <Filter>Source Files\scenarios</Filter>
    </ClInclude>
    <ClInclude Include="..\TerrainRL\learning\VarNetTrainer.h">
      <Filter>Source Files\util</Filter>
    </ClInclude>
    <ClInclude Include="scenarios\ScenarioBallRLVarCacla.h">
      <Filter>Source Files\scenarios</Filter>
    </ClInclude>
    <ClInclude Include="scenarios\DrawScenarioBallRLVarCacla.h">
      <Filter>Source Files\scenarios</Filter>
    </ClInclude>
    <ClInclude Include="stuff\BallControllerVarCacla.h">
      <Filter>Source Files\stuff</Filter>
    </ClInclude>
    <ClInclude Include="stuff\BallControllerCacla.h">
      <Filter>Source Files\stuff</Filter>
    </ClInclude>
    <ClInclude Include="stuff\BallControllerCacla.h">
      <Filter>Source Files\stuff</Filter>
    </ClInclude>
    <ClInclude Include="..\TerrainRL\learning\VarCaclaTrainer.h">
      <Filter>Source Files\util</Filter>
    </ClInclude>
    <ClInclude Include="..\library\caffe\src\caffe\proto\caffe_pretty_print.pb.h">
      <Filter>Source Files\caffe\proto</Filter>
    </ClInclude>
    <ClInclude Include="..\library\caffe\src\caffe\proto\caffe.pb.h">
      <Filter>Source Files\caffe\proto</Filter>
    </ClInclude>
    <ClInclude Include="..\TerrainRL\sim\BaseControllerDMACE.h">
      <Filter>Source Files\util</Filter>
    </ClInclude>
    <ClInclude Include="..\TerrainRL\sim\DogControllerDMACE.h">
      <Filter>Source Files\util</Filter>
    </ClInclude>
    <ClInclude Include="scenarios\ScenarioRNN.h">
      <Filter>Source Files\scenarios</Filter>
    </ClInclude>
    <ClInclude Include="scenarios\DrawScenarioRNN.h">
      <Filter>Source Files\scenarios</Filter>
    </ClInclude>
    <ClInclude Include="..\TerrainRL\learning\RecurrentNet.h">
      <Filter>Source Files\util</Filter>
    </ClInclude>
    <ClInclude Include="..\TerrainRL\learning\RNNTrainer.h">
      <Filter>Source Files\util</Filter>
    </ClInclude>
    <ClInclude Include="..\TerrainRL\sim\TerrainRLCtrlFactory.h">
      <Filter>Source Files\util</Filter>
    </ClInclude>
    <ClInclude Include="..\TerrainRL\sim\CtController.h">
      <Filter>Source Files\util</Filter>
    </ClInclude>
    <ClInclude Include="..\TerrainRL\sim\CtRNNController.h">
      <Filter>Source Files\util</Filter>
    </ClInclude>
    <ClInclude Include="..\TerrainRL\learning\RNNLearner.h">
      <Filter>Source Files\util</Filter>
    </ClInclude>
    <ClInclude Include="..\TerrainRL\learning\AsyncRNNTrainer.h">
      <Filter>Source Files\util</Filter>
    </ClInclude>
    <ClInclude Include="scenarios\ScenarioArmImitate.h">
      <Filter>Source Files\scenarios</Filter>
    </ClInclude>
    <ClInclude Include="scenarios\DrawScenarioArmImitate.h">
      <Filter>Source Files\scenarios</Filter>
    </ClInclude>
    <ClInclude Include="..\TerrainRL\anim\KinCharacter.h">
      <Filter>Source Files\util</Filter>
    </ClInclude>
    <ClInclude Include="..\TerrainRL\anim\Motion.h">
      <Filter>Source Files\util</Filter>
    </ClInclude>
    <ClInclude Include="..\TerrainRL\anim\MotionRecorder.h">
      <Filter>Source Files\util</Filter>
    </ClInclude>
    <ClInclude Include="stuff\ArmNNTrackController.h">
      <Filter>Source Files\stuff</Filter>
    </ClInclude>
    <ClInclude Include="..\TerrainRL\sim\CtTrackController.h">
      <Filter>Source Files\util</Filter>
    </ClInclude>
    <ClInclude Include="..\TerrainRL\learning\SARSATrainer.h">
      <Filter>Source Files\util</Filter>
    </ClInclude>
    <ClInclude Include="..\TerrainRL\sim\SimCharGeneral.h">
      <Filter>Source Files\util</Filter>
    </ClInclude>
    <ClInclude Include="..\TerrainRL\sim\CtNPDController.h">
      <Filter>Source Files\util</Filter>
    </ClInclude>
    <ClInclude Include="..\TerrainRL\sim\CtNPDTrackController.h">
      <Filter>Source Files\util</Filter>
    </ClInclude>
    <ClInclude Include="..\TerrainRL\sim\CtPDTrackController.h">
      <Filter>Source Files\util</Filter>
    </ClInclude>
    <ClInclude Include="..\TerrainRL\sim\CtPhaseController.h">
      <Filter>Source Files\util</Filter>
    </ClInclude>
    <ClInclude Include="..\TerrainRL\sim\CtPDController.h">
      <Filter>Source Files\util</Filter>
    </ClInclude>
    <ClInclude Include="..\TerrainRL\sim\CtPDPhaseController.h">
      <Filter>Source Files\util</Filter>
    </ClInclude>
    <ClInclude Include="..\TerrainRL\sim\CtQTrackController.h">
      <Filter>Source Files\util</Filter>
    </ClInclude>
    <ClInclude Include="..\TerrainRL\sim\CtQVelController.h">
      <Filter>Source Files\util</Filter>
    </ClInclude>
    <ClInclude Include="..\TerrainRL\sim\CtQController.h">
      <Filter>Source Files\util</Filter>
    </ClInclude>
    <ClInclude Include="..\TerrainRL\sim\CtQPDController.h">
      <Filter>Source Files\util</Filter>
    </ClInclude>
    <ClInclude Include="..\TerrainRL\sim\CtQPDTrackController.h">
      <Filter>Source Files\util</Filter>
    </ClInclude>
    <ClInclude Include="..\TerrainRL\sim\CtQVelTrackController.h">
      <Filter>Source Files\util</Filter>
    </ClInclude>
    <ClInclude Include="..\TerrainRL\sim\CtVelPhaseController.h">
      <Filter>Source Files\util</Filter>
    </ClInclude>
    <ClInclude Include="..\TerrainRL\sim\CtVelTrackController.h">
      <Filter>Source Files\util</Filter>
    </ClInclude>
    <ClInclude Include="..\TerrainRL\sim\CtVelController.h">
      <Filter>Source Files\util</Filter>
    </ClInclude>
    <ClInclude Include="..\library\caffe\include\caffe\layers\fixed_euclidean_loss_layer.hpp">
      <Filter>Source Files\caffe\layers</Filter>
    </ClInclude>
    <ClInclude Include="..\TerrainRL\sim\DogControllerCaclaDQ.h">
      <Filter>Source Files\util</Filter>
    </ClInclude>
    <ClInclude Include="..\TerrainRL\sim\SimBiped.h">
      <Filter>Source Files\util</Filter>
    </ClInclude>
    <ClInclude Include="..\TerrainRL\sim\BipedController.h">
      <Filter>Source Files\util</Filter>
    </ClInclude>
    <ClInclude Include="..\TerrainRL\sim\BipedControllerQ.h">
      <Filter>Source Files\util</Filter>
    </ClInclude>
  </ItemGroup>
</Project>